// !$*UTF8*$!
{
	archiveVersion = 1;
	classes = {
	};
	objectVersion = 55;
	objects = {

/* Begin PBXBuildFile section */
		0426E4AF286F336500548A48 /* testing_codeApp.swift in Sources */ = {isa = PBXBuildFile; fileRef = 0426E4AE286F336500548A48 /* testing_codeApp.swift */; };
		0426E4B1286F336500548A48 /* ContentView.swift in Sources */ = {isa = PBXBuildFile; fileRef = 0426E4B0286F336500548A48 /* ContentView.swift */; };
		0426E4B3286F336900548A48 /* Assets.xcassets in Resources */ = {isa = PBXBuildFile; fileRef = 0426E4B2286F336900548A48 /* Assets.xcassets */; };
		0426E4B6286F336900548A48 /* Preview Assets.xcassets in Resources */ = {isa = PBXBuildFile; fileRef = 0426E4B5286F336900548A48 /* Preview Assets.xcassets */; };
		0426E4C0286F336A00548A48 /* testing_codeTests.swift in Sources */ = {isa = PBXBuildFile; fileRef = 0426E4BF286F336A00548A48 /* testing_codeTests.swift */; };
		0426E4CA286F336A00548A48 /* testing_codeUITests.swift in Sources */ = {isa = PBXBuildFile; fileRef = 0426E4C9286F336A00548A48 /* testing_codeUITests.swift */; };
		0426E4CC286F336A00548A48 /* testing_codeUITestsLaunchTests.swift in Sources */ = {isa = PBXBuildFile; fileRef = 0426E4CB286F336A00548A48 /* testing_codeUITestsLaunchTests.swift */; };
		0426E4D9286F4BE000548A48 /* data.json in Resources */ = {isa = PBXBuildFile; fileRef = 0426E4D8286F4BE000548A48 /* data.json */; };
/* End PBXBuildFile section */

/* Begin PBXContainerItemProxy section */
		0426E4BC286F336A00548A48 /* PBXContainerItemProxy */ = {
			isa = PBXContainerItemProxy;
			containerPortal = 0426E4A3286F336500548A48 /* Project object */;
			proxyType = 1;
			remoteGlobalIDString = 0426E4AA286F336500548A48;
			remoteInfo = "testing code";
		};
		0426E4C6286F336A00548A48 /* PBXContainerItemProxy */ = {
			isa = PBXContainerItemProxy;
			containerPortal = 0426E4A3286F336500548A48 /* Project object */;
			proxyType = 1;
			remoteGlobalIDString = 0426E4AA286F336500548A48;
			remoteInfo = "testing code";
		};
/* End PBXContainerItemProxy section */

/* Begin PBXFileReference section */
		0426E4AB286F336500548A48 /* testing code.app */ = {isa = PBXFileReference; explicitFileType = wrapper.application; includeInIndex = 0; path = "testing code.app"; sourceTree = BUILT_PRODUCTS_DIR; };
		0426E4AE286F336500548A48 /* testing_codeApp.swift */ = {isa = PBXFileReference; lastKnownFileType = sourcecode.swift; path = testing_codeApp.swift; sourceTree = "<group>"; };
		0426E4B0286F336500548A48 /* ContentView.swift */ = {isa = PBXFileReference; lastKnownFileType = sourcecode.swift; path = ContentView.swift; sourceTree = "<group>"; };
		0426E4B2286F336900548A48 /* Assets.xcassets */ = {isa = PBXFileReference; lastKnownFileType = folder.assetcatalog; path = Assets.xcassets; sourceTree = "<group>"; };
		0426E4B5286F336900548A48 /* Preview Assets.xcassets */ = {isa = PBXFileReference; lastKnownFileType = folder.assetcatalog; path = "Preview Assets.xcassets"; sourceTree = "<group>"; };
		0426E4BB286F336A00548A48 /* testing codeTests.xctest */ = {isa = PBXFileReference; explicitFileType = wrapper.cfbundle; includeInIndex = 0; path = "testing codeTests.xctest"; sourceTree = BUILT_PRODUCTS_DIR; };
		0426E4BF286F336A00548A48 /* testing_codeTests.swift */ = {isa = PBXFileReference; lastKnownFileType = sourcecode.swift; path = testing_codeTests.swift; sourceTree = "<group>"; };
		0426E4C5286F336A00548A48 /* testing codeUITests.xctest */ = {isa = PBXFileReference; explicitFileType = wrapper.cfbundle; includeInIndex = 0; path = "testing codeUITests.xctest"; sourceTree = BUILT_PRODUCTS_DIR; };
		0426E4C9286F336A00548A48 /* testing_codeUITests.swift */ = {isa = PBXFileReference; lastKnownFileType = sourcecode.swift; path = testing_codeUITests.swift; sourceTree = "<group>"; };
		0426E4CB286F336A00548A48 /* testing_codeUITestsLaunchTests.swift */ = {isa = PBXFileReference; lastKnownFileType = sourcecode.swift; path = testing_codeUITestsLaunchTests.swift; sourceTree = "<group>"; };
		0426E4D8286F4BE000548A48 /* data.json */ = {isa = PBXFileReference; lastKnownFileType = text.json; path = data.json; sourceTree = "<group>"; };
/* End PBXFileReference section */

/* Begin PBXFrameworksBuildPhase section */
		0426E4A8286F336500548A48 /* Frameworks */ = {
			isa = PBXFrameworksBuildPhase;
			buildActionMask = 2147483647;
			files = (
			);
			runOnlyForDeploymentPostprocessing = 0;
		};
		0426E4B8286F336A00548A48 /* Frameworks */ = {
			isa = PBXFrameworksBuildPhase;
			buildActionMask = 2147483647;
			files = (
			);
			runOnlyForDeploymentPostprocessing = 0;
		};
		0426E4C2286F336A00548A48 /* Frameworks */ = {
			isa = PBXFrameworksBuildPhase;
			buildActionMask = 2147483647;
			files = (
			);
			runOnlyForDeploymentPostprocessing = 0;
		};
/* End PBXFrameworksBuildPhase section */

/* Begin PBXGroup section */
		0426E4A2286F336500548A48 = {
			isa = PBXGroup;
			children = (
				0426E4AD286F336500548A48 /* testing code */,
				0426E4BE286F336A00548A48 /* testing codeTests */,
				0426E4C8286F336A00548A48 /* testing codeUITests */,
				0426E4AC286F336500548A48 /* Products */,
			);
			sourceTree = "<group>";
		};
		0426E4AC286F336500548A48 /* Products */ = {
			isa = PBXGroup;
			children = (
				0426E4AB286F336500548A48 /* testing code.app */,
				0426E4BB286F336A00548A48 /* testing codeTests.xctest */,
				0426E4C5286F336A00548A48 /* testing codeUITests.xctest */,
			);
			name = Products;
			sourceTree = "<group>";
		};
		0426E4AD286F336500548A48 /* testing code */ = {
			isa = PBXGroup;
			children = (
				0426E4AE286F336500548A48 /* testing_codeApp.swift */,
				0426E4B0286F336500548A48 /* ContentView.swift */,
				0426E4B2286F336900548A48 /* Assets.xcassets */,
				0426E4B4286F336900548A48 /* Preview Content */,
			);
			path = "testing code";
			sourceTree = "<group>";
		};
		0426E4B4286F336900548A48 /* Preview Content */ = {
			isa = PBXGroup;
			children = (
				0426E4B5286F336900548A48 /* Preview Assets.xcassets */,
			);
			path = "Preview Content";
			sourceTree = "<group>";
		};
		0426E4BE286F336A00548A48 /* testing codeTests */ = {
			isa = PBXGroup;
			children = (
				0426E4BF286F336A00548A48 /* testing_codeTests.swift */,
				0426E4D8286F4BE000548A48 /* data.json */,
			);
			path = "testing codeTests";
			sourceTree = "<group>";
		};
		0426E4C8286F336A00548A48 /* testing codeUITests */ = {
			isa = PBXGroup;
			children = (
				0426E4C9286F336A00548A48 /* testing_codeUITests.swift */,
				0426E4CB286F336A00548A48 /* testing_codeUITestsLaunchTests.swift */,
			);
			path = "testing codeUITests";
			sourceTree = "<group>";
		};
/* End PBXGroup section */

/* Begin PBXNativeTarget section */
		0426E4AA286F336500548A48 /* testing code */ = {
			isa = PBXNativeTarget;
			buildConfigurationList = 0426E4CF286F336A00548A48 /* Build configuration list for PBXNativeTarget "testing code" */;
			buildPhases = (
				0426E4A7286F336500548A48 /* Sources */,
				0426E4A8286F336500548A48 /* Frameworks */,
				0426E4A9286F336500548A48 /* Resources */,
			);
			buildRules = (
			);
			dependencies = (
			);
			name = "testing code";
			productName = "testing code";
			productReference = 0426E4AB286F336500548A48 /* testing code.app */;
			productType = "com.apple.product-type.application";
		};
		0426E4BA286F336A00548A48 /* testing codeTests */ = {
			isa = PBXNativeTarget;
			buildConfigurationList = 0426E4D2286F336A00548A48 /* Build configuration list for PBXNativeTarget "testing codeTests" */;
			buildPhases = (
				0426E4B7286F336A00548A48 /* Sources */,
				0426E4B8286F336A00548A48 /* Frameworks */,
				0426E4B9286F336A00548A48 /* Resources */,
			);
			buildRules = (
			);
			dependencies = (
				0426E4BD286F336A00548A48 /* PBXTargetDependency */,
			);
			name = "testing codeTests";
			productName = "testing codeTests";
			productReference = 0426E4BB286F336A00548A48 /* testing codeTests.xctest */;
			productType = "com.apple.product-type.bundle.unit-test";
		};
		0426E4C4286F336A00548A48 /* testing codeUITests */ = {
			isa = PBXNativeTarget;
			buildConfigurationList = 0426E4D5286F336A00548A48 /* Build configuration list for PBXNativeTarget "testing codeUITests" */;
			buildPhases = (
				0426E4C1286F336A00548A48 /* Sources */,
				0426E4C2286F336A00548A48 /* Frameworks */,
				0426E4C3286F336A00548A48 /* Resources */,
			);
			buildRules = (
			);
			dependencies = (
				0426E4C7286F336A00548A48 /* PBXTargetDependency */,
			);
			name = "testing codeUITests";
			productName = "testing codeUITests";
			productReference = 0426E4C5286F336A00548A48 /* testing codeUITests.xctest */;
			productType = "com.apple.product-type.bundle.ui-testing";
		};
/* End PBXNativeTarget section */

/* Begin PBXProject section */
		0426E4A3286F336500548A48 /* Project object */ = {
			isa = PBXProject;
			attributes = {
				BuildIndependentTargetsInParallel = 1;
				LastSwiftUpdateCheck = 1340;
				LastUpgradeCheck = 1340;
				TargetAttributes = {
					0426E4AA286F336500548A48 = {
						CreatedOnToolsVersion = 13.4.1;
					};
					0426E4BA286F336A00548A48 = {
						CreatedOnToolsVersion = 13.4.1;
						TestTargetID = 0426E4AA286F336500548A48;
					};
					0426E4C4286F336A00548A48 = {
						CreatedOnToolsVersion = 13.4.1;
						TestTargetID = 0426E4AA286F336500548A48;
					};
				};
			};
			buildConfigurationList = 0426E4A6286F336500548A48 /* Build configuration list for PBXProject "testing code" */;
			compatibilityVersion = "Xcode 13.0";
			developmentRegion = en;
			hasScannedForEncodings = 0;
			knownRegions = (
				en,
				Base,
			);
			mainGroup = 0426E4A2286F336500548A48;
			productRefGroup = 0426E4AC286F336500548A48 /* Products */;
			projectDirPath = "";
			projectRoot = "";
			targets = (
				0426E4AA286F336500548A48 /* testing code */,
				0426E4BA286F336A00548A48 /* testing codeTests */,
				0426E4C4286F336A00548A48 /* testing codeUITests */,
			);
		};
/* End PBXProject section */

/* Begin PBXResourcesBuildPhase section */
		0426E4A9286F336500548A48 /* Resources */ = {
			isa = PBXResourcesBuildPhase;
			buildActionMask = 2147483647;
			files = (
				0426E4B6286F336900548A48 /* Preview Assets.xcassets in Resources */,
				0426E4B3286F336900548A48 /* Assets.xcassets in Resources */,
			);
			runOnlyForDeploymentPostprocessing = 0;
		};
		0426E4B9286F336A00548A48 /* Resources */ = {
			isa = PBXResourcesBuildPhase;
			buildActionMask = 2147483647;
			files = (
				0426E4D9286F4BE000548A48 /* data.json in Resources */,
			);
			runOnlyForDeploymentPostprocessing = 0;
		};
		0426E4C3286F336A00548A48 /* Resources */ = {
			isa = PBXResourcesBuildPhase;
			buildActionMask = 2147483647;
			files = (
			);
			runOnlyForDeploymentPostprocessing = 0;
		};
/* End PBXResourcesBuildPhase section */

/* Begin PBXSourcesBuildPhase section */
		0426E4A7286F336500548A48 /* Sources */ = {
			isa = PBXSourcesBuildPhase;
			buildActionMask = 2147483647;
			files = (
				0426E4B1286F336500548A48 /* ContentView.swift in Sources */,
				0426E4AF286F336500548A48 /* testing_codeApp.swift in Sources */,
			);
			runOnlyForDeploymentPostprocessing = 0;
		};
		0426E4B7286F336A00548A48 /* Sources */ = {
			isa = PBXSourcesBuildPhase;
			buildActionMask = 2147483647;
			files = (
				0426E4C0286F336A00548A48 /* testing_codeTests.swift in Sources */,
			);
			runOnlyForDeploymentPostprocessing = 0;
		};
		0426E4C1286F336A00548A48 /* Sources */ = {
			isa = PBXSourcesBuildPhase;
			buildActionMask = 2147483647;
			files = (
				0426E4CC286F336A00548A48 /* testing_codeUITestsLaunchTests.swift in Sources */,
				0426E4CA286F336A00548A48 /* testing_codeUITests.swift in Sources */,
			);
			runOnlyForDeploymentPostprocessing = 0;
		};
/* End PBXSourcesBuildPhase section */

/* Begin PBXTargetDependency section */
		0426E4BD286F336A00548A48 /* PBXTargetDependency */ = {
			isa = PBXTargetDependency;
			target = 0426E4AA286F336500548A48 /* testing code */;
			targetProxy = 0426E4BC286F336A00548A48 /* PBXContainerItemProxy */;
		};
		0426E4C7286F336A00548A48 /* PBXTargetDependency */ = {
			isa = PBXTargetDependency;
			target = 0426E4AA286F336500548A48 /* testing code */;
			targetProxy = 0426E4C6286F336A00548A48 /* PBXContainerItemProxy */;
		};
/* End PBXTargetDependency section */

/* Begin XCBuildConfiguration section */
		0426E4CD286F336A00548A48 /* Debug */ = {
			isa = XCBuildConfiguration;
			buildSettings = {
				ALWAYS_SEARCH_USER_PATHS = NO;
				CLANG_ANALYZER_NONNULL = YES;
				CLANG_ANALYZER_NUMBER_OBJECT_CONVERSION = YES_AGGRESSIVE;
				CLANG_CXX_LANGUAGE_STANDARD = "gnu++17";
				CLANG_ENABLE_MODULES = YES;
				CLANG_ENABLE_OBJC_ARC = YES;
				CLANG_ENABLE_OBJC_WEAK = YES;
				CLANG_WARN_BLOCK_CAPTURE_AUTORELEASING = YES;
				CLANG_WARN_BOOL_CONVERSION = YES;
				CLANG_WARN_COMMA = YES;
				CLANG_WARN_CONSTANT_CONVERSION = YES;
				CLANG_WARN_DEPRECATED_OBJC_IMPLEMENTATIONS = YES;
				CLANG_WARN_DIRECT_OBJC_ISA_USAGE = YES_ERROR;
				CLANG_WARN_DOCUMENTATION_COMMENTS = YES;
				CLANG_WARN_EMPTY_BODY = YES;
				CLANG_WARN_ENUM_CONVERSION = YES;
				CLANG_WARN_INFINITE_RECURSION = YES;
				CLANG_WARN_INT_CONVERSION = YES;
				CLANG_WARN_NON_LITERAL_NULL_CONVERSION = YES;
				CLANG_WARN_OBJC_IMPLICIT_RETAIN_SELF = YES;
				CLANG_WARN_OBJC_LITERAL_CONVERSION = YES;
				CLANG_WARN_OBJC_ROOT_CLASS = YES_ERROR;
				CLANG_WARN_QUOTED_INCLUDE_IN_FRAMEWORK_HEADER = YES;
				CLANG_WARN_RANGE_LOOP_ANALYSIS = YES;
				CLANG_WARN_STRICT_PROTOTYPES = YES;
				CLANG_WARN_SUSPICIOUS_MOVE = YES;
				CLANG_WARN_UNGUARDED_AVAILABILITY = YES_AGGRESSIVE;
				CLANG_WARN_UNREACHABLE_CODE = YES;
				CLANG_WARN__DUPLICATE_METHOD_MATCH = YES;
				COPY_PHASE_STRIP = NO;
				DEBUG_INFORMATION_FORMAT = dwarf;
				ENABLE_STRICT_OBJC_MSGSEND = YES;
				ENABLE_TESTABILITY = YES;
				GCC_C_LANGUAGE_STANDARD = gnu11;
				GCC_DYNAMIC_NO_PIC = NO;
				GCC_NO_COMMON_BLOCKS = YES;
				GCC_OPTIMIZATION_LEVEL = 0;
				GCC_PREPROCESSOR_DEFINITIONS = (
					"DEBUG=1",
					"$(inherited)",
				);
				GCC_WARN_64_TO_32_BIT_CONVERSION = YES;
				GCC_WARN_ABOUT_RETURN_TYPE = YES_ERROR;
				GCC_WARN_UNDECLARED_SELECTOR = YES;
				GCC_WARN_UNINITIALIZED_AUTOS = YES_AGGRESSIVE;
				GCC_WARN_UNUSED_FUNCTION = YES;
				GCC_WARN_UNUSED_VARIABLE = YES;
				IPHONEOS_DEPLOYMENT_TARGET = 15.5;
				MTL_ENABLE_DEBUG_INFO = INCLUDE_SOURCE;
				MTL_FAST_MATH = YES;
				ONLY_ACTIVE_ARCH = YES;
				SDKROOT = iphoneos;
				SWIFT_ACTIVE_COMPILATION_CONDITIONS = DEBUG;
				SWIFT_OPTIMIZATION_LEVEL = "-Onone";
			};
			name = Debug;
		};
		0426E4CE286F336A00548A48 /* Release */ = {
			isa = XCBuildConfiguration;
			buildSettings = {
				ALWAYS_SEARCH_USER_PATHS = NO;
				CLANG_ANALYZER_NONNULL = YES;
				CLANG_ANALYZER_NUMBER_OBJECT_CONVERSION = YES_AGGRESSIVE;
				CLANG_CXX_LANGUAGE_STANDARD = "gnu++17";
				CLANG_ENABLE_MODULES = YES;
				CLANG_ENABLE_OBJC_ARC = YES;
				CLANG_ENABLE_OBJC_WEAK = YES;
				CLANG_WARN_BLOCK_CAPTURE_AUTORELEASING = YES;
				CLANG_WARN_BOOL_CONVERSION = YES;
				CLANG_WARN_COMMA = YES;
				CLANG_WARN_CONSTANT_CONVERSION = YES;
				CLANG_WARN_DEPRECATED_OBJC_IMPLEMENTATIONS = YES;
				CLANG_WARN_DIRECT_OBJC_ISA_USAGE = YES_ERROR;
				CLANG_WARN_DOCUMENTATION_COMMENTS = YES;
				CLANG_WARN_EMPTY_BODY = YES;
				CLANG_WARN_ENUM_CONVERSION = YES;
				CLANG_WARN_INFINITE_RECURSION = YES;
				CLANG_WARN_INT_CONVERSION = YES;
				CLANG_WARN_NON_LITERAL_NULL_CONVERSION = YES;
				CLANG_WARN_OBJC_IMPLICIT_RETAIN_SELF = YES;
				CLANG_WARN_OBJC_LITERAL_CONVERSION = YES;
				CLANG_WARN_OBJC_ROOT_CLASS = YES_ERROR;
				CLANG_WARN_QUOTED_INCLUDE_IN_FRAMEWORK_HEADER = YES;
				CLANG_WARN_RANGE_LOOP_ANALYSIS = YES;
				CLANG_WARN_STRICT_PROTOTYPES = YES;
				CLANG_WARN_SUSPICIOUS_MOVE = YES;
				CLANG_WARN_UNGUARDED_AVAILABILITY = YES_AGGRESSIVE;
				CLANG_WARN_UNREACHABLE_CODE = YES;
				CLANG_WARN__DUPLICATE_METHOD_MATCH = YES;
				COPY_PHASE_STRIP = NO;
				DEBUG_INFORMATION_FORMAT = "dwarf-with-dsym";
				ENABLE_NS_ASSERTIONS = NO;
				ENABLE_STRICT_OBJC_MSGSEND = YES;
				GCC_C_LANGUAGE_STANDARD = gnu11;
				GCC_NO_COMMON_BLOCKS = YES;
				GCC_WARN_64_TO_32_BIT_CONVERSION = YES;
				GCC_WARN_ABOUT_RETURN_TYPE = YES_ERROR;
				GCC_WARN_UNDECLARED_SELECTOR = YES;
				GCC_WARN_UNINITIALIZED_AUTOS = YES_AGGRESSIVE;
				GCC_WARN_UNUSED_FUNCTION = YES;
				GCC_WARN_UNUSED_VARIABLE = YES;
				IPHONEOS_DEPLOYMENT_TARGET = 15.5;
				MTL_ENABLE_DEBUG_INFO = NO;
				MTL_FAST_MATH = YES;
				SDKROOT = iphoneos;
				SWIFT_COMPILATION_MODE = wholemodule;
				SWIFT_OPTIMIZATION_LEVEL = "-O";
				VALIDATE_PRODUCT = YES;
			};
			name = Release;
		};
		0426E4D0286F336A00548A48 /* Debug */ = {
			isa = XCBuildConfiguration;
			buildSettings = {
				ASSETCATALOG_COMPILER_APPICON_NAME = AppIcon;
				ASSETCATALOG_COMPILER_GLOBAL_ACCENT_COLOR_NAME = AccentColor;
				CODE_SIGN_STYLE = Automatic;
				CURRENT_PROJECT_VERSION = 1;
				DEVELOPMENT_ASSET_PATHS = "\"testing code/Preview Content\"";
				DEVELOPMENT_TEAM = 84X3BBQSRV;
				ENABLE_PREVIEWS = YES;
				GENERATE_INFOPLIST_FILE = YES;
				INFOPLIST_KEY_UIApplicationSceneManifest_Generation = YES;
				INFOPLIST_KEY_UIApplicationSupportsIndirectInputEvents = YES;
				INFOPLIST_KEY_UILaunchScreen_Generation = YES;
				INFOPLIST_KEY_UISupportedInterfaceOrientations_iPad = "UIInterfaceOrientationPortrait UIInterfaceOrientationPortraitUpsideDown UIInterfaceOrientationLandscapeLeft UIInterfaceOrientationLandscapeRight";
				INFOPLIST_KEY_UISupportedInterfaceOrientations_iPhone = "UIInterfaceOrientationPortrait UIInterfaceOrientationLandscapeLeft UIInterfaceOrientationLandscapeRight";
				LD_RUNPATH_SEARCH_PATHS = (
					"$(inherited)",
					"@executable_path/Frameworks",
				);
				MARKETING_VERSION = 1.0;
				PRODUCT_BUNDLE_IDENTIFIER = "com.miguel.testing-code";
				PRODUCT_NAME = "$(TARGET_NAME)";
				SWIFT_EMIT_LOC_STRINGS = YES;
				SWIFT_VERSION = 5.0;
				TARGETED_DEVICE_FAMILY = "1,2";
			};
			name = Debug;
		};
		0426E4D1286F336A00548A48 /* Release */ = {
			isa = XCBuildConfiguration;
			buildSettings = {
				ASSETCATALOG_COMPILER_APPICON_NAME = AppIcon;
				ASSETCATALOG_COMPILER_GLOBAL_ACCENT_COLOR_NAME = AccentColor;
				CODE_SIGN_STYLE = Automatic;
				CURRENT_PROJECT_VERSION = 1;
				DEVELOPMENT_ASSET_PATHS = "\"testing code/Preview Content\"";
				DEVELOPMENT_TEAM = 84X3BBQSRV;
				ENABLE_PREVIEWS = YES;
				GENERATE_INFOPLIST_FILE = YES;
				INFOPLIST_KEY_UIApplicationSceneManifest_Generation = YES;
				INFOPLIST_KEY_UIApplicationSupportsIndirectInputEvents = YES;
				INFOPLIST_KEY_UILaunchScreen_Generation = YES;
				INFOPLIST_KEY_UISupportedInterfaceOrientations_iPad = "UIInterfaceOrientationPortrait UIInterfaceOrientationPortraitUpsideDown UIInterfaceOrientationLandscapeLeft UIInterfaceOrientationLandscapeRight";
				INFOPLIST_KEY_UISupportedInterfaceOrientations_iPhone = "UIInterfaceOrientationPortrait UIInterfaceOrientationLandscapeLeft UIInterfaceOrientationLandscapeRight";
				LD_RUNPATH_SEARCH_PATHS = (
					"$(inherited)",
					"@executable_path/Frameworks",
				);
				MARKETING_VERSION = 1.0;
				PRODUCT_BUNDLE_IDENTIFIER = "com.miguel.testing-code";
				PRODUCT_NAME = "$(TARGET_NAME)";
				SWIFT_EMIT_LOC_STRINGS = YES;
				SWIFT_VERSION = 5.0;
				TARGETED_DEVICE_FAMILY = "1,2";
			};
			name = Release;
		};
		0426E4D3286F336A00548A48 /* Debug */ = {
			isa = XCBuildConfiguration;
			buildSettings = {
				ALWAYS_EMBED_SWIFT_STANDARD_LIBRARIES = YES;
				BUNDLE_LOADER = "$(TEST_HOST)";
				CODE_SIGN_STYLE = Automatic;
				CURRENT_PROJECT_VERSION = 1;
				DEVELOPMENT_TEAM = 84X3BBQSRV;
				GENERATE_INFOPLIST_FILE = YES;
				IPHONEOS_DEPLOYMENT_TARGET = 15.5;
				MARKETING_VERSION = 1.0;
				PRODUCT_BUNDLE_IDENTIFIER = "com.miguel.testing-codeTests";
				PRODUCT_NAME = "$(TARGET_NAME)";
				SWIFT_EMIT_LOC_STRINGS = NO;
				SWIFT_VERSION = 5.0;
				TARGETED_DEVICE_FAMILY = "1,2";
				TEST_HOST = "$(BUILT_PRODUCTS_DIR)/testing code.app/testing code";
			};
			name = Debug;
		};
		0426E4D4286F336A00548A48 /* Release */ = {
			isa = XCBuildConfiguration;
			buildSettings = {
				ALWAYS_EMBED_SWIFT_STANDARD_LIBRARIES = YES;
				BUNDLE_LOADER = "$(TEST_HOST)";
				CODE_SIGN_STYLE = Automatic;
				CURRENT_PROJECT_VERSION = 1;
				DEVELOPMENT_TEAM = 84X3BBQSRV;
				GENERATE_INFOPLIST_FILE = YES;
				IPHONEOS_DEPLOYMENT_TARGET = 15.5;
				MARKETING_VERSION = 1.0;
				PRODUCT_BUNDLE_IDENTIFIER = "com.miguel.testing-codeTests";
				PRODUCT_NAME = "$(TARGET_NAME)";
				SWIFT_EMIT_LOC_STRINGS = NO;
				SWIFT_VERSION = 5.0;
				TARGETED_DEVICE_FAMILY = "1,2";
				TEST_HOST = "$(BUILT_PRODUCTS_DIR)/testing code.app/testing code";
			};
			name = Release;
		};
		0426E4D6286F336A00548A48 /* Debug */ = {
			isa = XCBuildConfiguration;
			buildSettings = {
				ALWAYS_EMBED_SWIFT_STANDARD_LIBRARIES = YES;
				CODE_SIGN_STYLE = Automatic;
				CURRENT_PROJECT_VERSION = 1;
				DEVELOPMENT_TEAM = 84X3BBQSRV;
				GENERATE_INFOPLIST_FILE = YES;
				MARKETING_VERSION = 1.0;
				PRODUCT_BUNDLE_IDENTIFIER = "com.miguel.testing-codeUITests";
				PRODUCT_NAME = "$(TARGET_NAME)";
				SWIFT_EMIT_LOC_STRINGS = NO;
				SWIFT_VERSION = 5.0;
				TARGETED_DEVICE_FAMILY = "1,2";
				TEST_TARGET_NAME = "testing code";
			};
			name = Debug;
		};
		0426E4D7286F336A00548A48 /* Release */ = {
			isa = XCBuildConfiguration;
			buildSettings = {
				ALWAYS_EMBED_SWIFT_STANDARD_LIBRARIES = YES;
				CODE_SIGN_STYLE = Automatic;
				CURRENT_PROJECT_VERSION = 1;
				DEVELOPMENT_TEAM = 84X3BBQSRV;
				GENERATE_INFOPLIST_FILE = YES;
				MARKETING_VERSION = 1.0;
				PRODUCT_BUNDLE_IDENTIFIER = "com.miguel.testing-codeUITests";
				PRODUCT_NAME = "$(TARGET_NAME)";
				SWIFT_EMIT_LOC_STRINGS = NO;
				SWIFT_VERSION = 5.0;
				TARGETED_DEVICE_FAMILY = "1,2";
				TEST_TARGET_NAME = "testing code";
			};
			name = Release;
		};
/* End XCBuildConfiguration section */

/* Begin XCConfigurationList section */
		0426E4A6286F336500548A48 /* Build configuration list for PBXProject "testing code" */ = {
			isa = XCConfigurationList;
			buildConfigurations = (
				0426E4CD286F336A00548A48 /* Debug */,
				0426E4CE286F336A00548A48 /* Release */,
			);
			defaultConfigurationIsVisible = 0;
			defaultConfigurationName = Release;
		};
		0426E4CF286F336A00548A48 /* Build configuration list for PBXNativeTarget "testing code" */ = {
			isa = XCConfigurationList;
			buildConfigurations = (
				0426E4D0286F336A00548A48 /* Debug */,
				0426E4D1286F336A00548A48 /* Release */,
			);
			defaultConfigurationIsVisible = 0;
			defaultConfigurationName = Release;
		};
		0426E4D2286F336A00548A48 /* Build configuration list for PBXNativeTarget "testing codeTests" */ = {
			isa = XCConfigurationList;
			buildConfigurations = (
				0426E4D3286F336A00548A48 /* Debug */,
				0426E4D4286F336A00548A48 /* Release */,
			);
			defaultConfigurationIsVisible = 0;
			defaultConfigurationName = Release;
		};
		0426E4D5286F336A00548A48 /* Build configuration list for PBXNativeTarget "testing codeUITests" */ = {
			isa = XCConfigurationList;
			buildConfigurations = (
				0426E4D6286F336A00548A48 /* Debug */,
				0426E4D7286F336A00548A48 /* Release */,
			);
			defaultConfigurationIsVisible = 0;
			defaultConfigurationName = Release;
		};
/* End XCConfigurationList section */
	};
	rootObject = 0426E4A3286F336500548A48 /* Project object */;
}
